// !$*UTF8*$!
{
	archiveVersion = 1;
	classes = {
	};
	objectVersion = 55;
	objects = {

/* Begin PBXBuildFile section */
		352D2675FBFD1655EA18D8BE /* Pods_PushNotificationApp.framework in Frameworks */ = {isa = PBXBuildFile; fileRef = 2BF203CFEE9F932E131A840C /* Pods_PushNotificationApp.framework */; };
		D7A8A69627B13A3F000F93CE /* AppDelegate.swift in Sources */ = {isa = PBXBuildFile; fileRef = D7A8A69527B13A3F000F93CE /* AppDelegate.swift */; };
		D7A8A69827B13A3F000F93CE /* SceneDelegate.swift in Sources */ = {isa = PBXBuildFile; fileRef = D7A8A69727B13A3F000F93CE /* SceneDelegate.swift */; };
		D7A8A69A27B13A3F000F93CE /* ViewController.swift in Sources */ = {isa = PBXBuildFile; fileRef = D7A8A69927B13A3F000F93CE /* ViewController.swift */; };
		D7A8A69D27B13A3F000F93CE /* Main.storyboard in Resources */ = {isa = PBXBuildFile; fileRef = D7A8A69B27B13A3F000F93CE /* Main.storyboard */; };
		D7A8A69F27B13A40000F93CE /* Assets.xcassets in Resources */ = {isa = PBXBuildFile; fileRef = D7A8A69E27B13A40000F93CE /* Assets.xcassets */; };
		D7A8A6A227B13A40000F93CE /* LaunchScreen.storyboard in Resources */ = {isa = PBXBuildFile; fileRef = D7A8A6A027B13A40000F93CE /* LaunchScreen.storyboard */; };
		D7A8A6AA27B146D2000F93CE /* GoogleService-Info.plist in Resources */ = {isa = PBXBuildFile; fileRef = D7A8A6A927B146D2000F93CE /* GoogleService-Info.plist */; };
/* End PBXBuildFile section */

/* Begin PBXFileReference section */
		13405661974E29E016E93DB6 /* Pods-PushNotificationApp.debug.xcconfig */ = {isa = PBXFileReference; includeInIndex = 1; lastKnownFileType = text.xcconfig; name = "Pods-PushNotificationApp.debug.xcconfig"; path = "Target Support Files/Pods-PushNotificationApp/Pods-PushNotificationApp.debug.xcconfig"; sourceTree = "<group>"; };
		2BF203CFEE9F932E131A840C /* Pods_PushNotificationApp.framework */ = {isa = PBXFileReference; explicitFileType = wrapper.framework; includeInIndex = 0; path = Pods_PushNotificationApp.framework; sourceTree = BUILT_PRODUCTS_DIR; };
		D7A8A69227B13A3F000F93CE /* PushNotificationApp.app */ = {isa = PBXFileReference; explicitFileType = wrapper.application; includeInIndex = 0; path = PushNotificationApp.app; sourceTree = BUILT_PRODUCTS_DIR; };
		D7A8A69527B13A3F000F93CE /* AppDelegate.swift */ = {isa = PBXFileReference; lastKnownFileType = sourcecode.swift; path = AppDelegate.swift; sourceTree = "<group>"; wrapsLines = 0; };
		D7A8A69727B13A3F000F93CE /* SceneDelegate.swift */ = {isa = PBXFileReference; lastKnownFileType = sourcecode.swift; path = SceneDelegate.swift; sourceTree = "<group>"; };
		D7A8A69927B13A3F000F93CE /* ViewController.swift */ = {isa = PBXFileReference; lastKnownFileType = sourcecode.swift; path = ViewController.swift; sourceTree = "<group>"; };
		D7A8A69C27B13A3F000F93CE /* Base */ = {isa = PBXFileReference; lastKnownFileType = file.storyboard; name = Base; path = Base.lproj/Main.storyboard; sourceTree = "<group>"; };
		D7A8A69E27B13A40000F93CE /* Assets.xcassets */ = {isa = PBXFileReference; lastKnownFileType = folder.assetcatalog; path = Assets.xcassets; sourceTree = "<group>"; };
		D7A8A6A127B13A40000F93CE /* Base */ = {isa = PBXFileReference; lastKnownFileType = file.storyboard; name = Base; path = Base.lproj/LaunchScreen.storyboard; sourceTree = "<group>"; };
		D7A8A6A327B13A40000F93CE /* Info.plist */ = {isa = PBXFileReference; lastKnownFileType = text.plist.xml; path = Info.plist; sourceTree = "<group>"; };
		D7A8A6A927B146D2000F93CE /* GoogleService-Info.plist */ = {isa = PBXFileReference; fileEncoding = 4; lastKnownFileType = text.plist.xml; path = "GoogleService-Info.plist"; sourceTree = "<group>"; };
		D7B12D4527B296B60036BE31 /* PushNotificationApp.entitlements */ = {isa = PBXFileReference; lastKnownFileType = text.plist.entitlements; path = PushNotificationApp.entitlements; sourceTree = "<group>"; };
		EF3C7531E6A242ABF9FB11BE /* Pods-PushNotificationApp.release.xcconfig */ = {isa = PBXFileReference; includeInIndex = 1; lastKnownFileType = text.xcconfig; name = "Pods-PushNotificationApp.release.xcconfig"; path = "Target Support Files/Pods-PushNotificationApp/Pods-PushNotificationApp.release.xcconfig"; sourceTree = "<group>"; };
/* End PBXFileReference section */

/* Begin PBXFrameworksBuildPhase section */
		D7A8A68F27B13A3F000F93CE /* Frameworks */ = {
			isa = PBXFrameworksBuildPhase;
			buildActionMask = 2147483647;
			files = (
				352D2675FBFD1655EA18D8BE /* Pods_PushNotificationApp.framework in Frameworks */,
			);
			runOnlyForDeploymentPostprocessing = 0;
		};
/* End PBXFrameworksBuildPhase section */

/* Begin PBXGroup section */
		57D61FC0E41C02D514E5464A /* Pods */ = {
			isa = PBXGroup;
			children = (
				13405661974E29E016E93DB6 /* Pods-PushNotificationApp.debug.xcconfig */,
				EF3C7531E6A242ABF9FB11BE /* Pods-PushNotificationApp.release.xcconfig */,
			);
			path = Pods;
			sourceTree = "<group>";
		};
		D72B2A917C040F0594109B67 /* Frameworks */ = {
			isa = PBXGroup;
			children = (
				2BF203CFEE9F932E131A840C /* Pods_PushNotificationApp.framework */,
			);
			name = Frameworks;
			sourceTree = "<group>";
		};
		D7A8A68927B13A3F000F93CE = {
			isa = PBXGroup;
			children = (
				D7A8A69427B13A3F000F93CE /* PushNotificationApp */,
				D7A8A69327B13A3F000F93CE /* Products */,
				57D61FC0E41C02D514E5464A /* Pods */,
				D72B2A917C040F0594109B67 /* Frameworks */,
			);
			sourceTree = "<group>";
		};
		D7A8A69327B13A3F000F93CE /* Products */ = {
			isa = PBXGroup;
			children = (
				D7A8A69227B13A3F000F93CE /* PushNotificationApp.app */,
			);
			name = Products;
			sourceTree = "<group>";
		};
		D7A8A69427B13A3F000F93CE /* PushNotificationApp */ = {
			isa = PBXGroup;
			children = (
				D7A8A69527B13A3F000F93CE /* AppDelegate.swift */,
				D7A8A69727B13A3F000F93CE /* SceneDelegate.swift */,
				D7A8A69927B13A3F000F93CE /* ViewController.swift */,
				D7A8A69B27B13A3F000F93CE /* Main.storyboard */,
				D7A8A69E27B13A40000F93CE /* Assets.xcassets */,
				D7A8A6A027B13A40000F93CE /* LaunchScreen.storyboard */,
				D7B12D4527B296B60036BE31 /* PushNotificationApp.entitlements */,
				D7A8A6A927B146D2000F93CE /* GoogleService-Info.plist */,
				D7A8A6A327B13A40000F93CE /* Info.plist */,
			);
			path = PushNotificationApp;
			sourceTree = "<group>";
		};
/* End PBXGroup section */

/* Begin PBXNativeTarget section */
		D7A8A69127B13A3F000F93CE /* PushNotificationApp */ = {
			isa = PBXNativeTarget;
			buildConfigurationList = D7A8A6A627B13A40000F93CE /* Build configuration list for PBXNativeTarget "PushNotificationApp" */;
			buildPhases = (
				0222264C350F9EBA9FA86F42 /* [CP] Check Pods Manifest.lock */,
				D7A8A68E27B13A3F000F93CE /* Sources */,
				D7A8A68F27B13A3F000F93CE /* Frameworks */,
				D7A8A69027B13A3F000F93CE /* Resources */,
				88055E953A45785E1F9F3318 /* [CP] Embed Pods Frameworks */,
			);
			buildRules = (
			);
			dependencies = (
			);
			name = PushNotificationApp;
			productName = PushNotificationApp;
			productReference = D7A8A69227B13A3F000F93CE /* PushNotificationApp.app */;
			productType = "com.apple.product-type.application";
		};
/* End PBXNativeTarget section */

/* Begin PBXProject section */
		D7A8A68A27B13A3F000F93CE /* Project object */ = {
			isa = PBXProject;
			attributes = {
				BuildIndependentTargetsInParallel = 1;
				LastSwiftUpdateCheck = 1320;
				LastUpgradeCheck = 1320;
				TargetAttributes = {
					D7A8A69127B13A3F000F93CE = {
						CreatedOnToolsVersion = 13.2;
					};
				};
			};
			buildConfigurationList = D7A8A68D27B13A3F000F93CE /* Build configuration list for PBXProject "PushNotificationApp" */;
			compatibilityVersion = "Xcode 13.0";
			developmentRegion = en;
			hasScannedForEncodings = 0;
			knownRegions = (
				en,
				Base,
			);
			mainGroup = D7A8A68927B13A3F000F93CE;
			productRefGroup = D7A8A69327B13A3F000F93CE /* Products */;
			projectDirPath = "";
			projectRoot = "";
			targets = (
				D7A8A69127B13A3F000F93CE /* PushNotificationApp */,
			);
		};
/* End PBXProject section */

/* Begin PBXResourcesBuildPhase section */
		D7A8A69027B13A3F000F93CE /* Resources */ = {
			isa = PBXResourcesBuildPhase;
			buildActionMask = 2147483647;
			files = (
				D7A8A6A227B13A40000F93CE /* LaunchScreen.storyboard in Resources */,
				D7A8A6AA27B146D2000F93CE /* GoogleService-Info.plist in Resources */,
				D7A8A69F27B13A40000F93CE /* Assets.xcassets in Resources */,
				D7A8A69D27B13A3F000F93CE /* Main.storyboard in Resources */,
			);
			runOnlyForDeploymentPostprocessing = 0;
		};
/* End PBXResourcesBuildPhase section */

/* Begin PBXShellScriptBuildPhase section */
		0222264C350F9EBA9FA86F42 /* [CP] Check Pods Manifest.lock */ = {
			isa = PBXShellScriptBuildPhase;
			buildActionMask = 2147483647;
			files = (
			);
			inputFileListPaths = (
			);
			inputPaths = (
				"${PODS_PODFILE_DIR_PATH}/Podfile.lock",
				"${PODS_ROOT}/Manifest.lock",
			);
			name = "[CP] Check Pods Manifest.lock";
			outputFileListPaths = (
			);
			outputPaths = (
				"$(DERIVED_FILE_DIR)/Pods-PushNotificationApp-checkManifestLockResult.txt",
			);
			runOnlyForDeploymentPostprocessing = 0;
			shellPath = /bin/sh;
			shellScript = "diff \"${PODS_PODFILE_DIR_PATH}/Podfile.lock\" \"${PODS_ROOT}/Manifest.lock\" > /dev/null\nif [ $? != 0 ] ; then\n    # print error to STDERR\n    echo \"error: The sandbox is not in sync with the Podfile.lock. Run 'pod install' or update your CocoaPods installation.\" >&2\n    exit 1\nfi\n# This output is used by Xcode 'outputs' to avoid re-running this script phase.\necho \"SUCCESS\" > \"${SCRIPT_OUTPUT_FILE_0}\"\n";
			showEnvVarsInLog = 0;
		};
		88055E953A45785E1F9F3318 /* [CP] Embed Pods Frameworks */ = {
			isa = PBXShellScriptBuildPhase;
			buildActionMask = 2147483647;
			files = (
			);
			inputFileListPaths = (
				"${PODS_ROOT}/Target Support Files/Pods-PushNotificationApp/Pods-PushNotificationApp-frameworks-${CONFIGURATION}-input-files.xcfilelist",
			);
			name = "[CP] Embed Pods Frameworks";
			outputFileListPaths = (
				"${PODS_ROOT}/Target Support Files/Pods-PushNotificationApp/Pods-PushNotificationApp-frameworks-${CONFIGURATION}-output-files.xcfilelist",
			);
			runOnlyForDeploymentPostprocessing = 0;
			shellPath = /bin/sh;
			shellScript = "\"${PODS_ROOT}/Target Support Files/Pods-PushNotificationApp/Pods-PushNotificationApp-frameworks.sh\"\n";
			showEnvVarsInLog = 0;
		};
/* End PBXShellScriptBuildPhase section */

/* Begin PBXSourcesBuildPhase section */
		D7A8A68E27B13A3F000F93CE /* Sources */ = {
			isa = PBXSourcesBuildPhase;
			buildActionMask = 2147483647;
			files = (
				D7A8A69A27B13A3F000F93CE /* ViewController.swift in Sources */,
				D7A8A69627B13A3F000F93CE /* AppDelegate.swift in Sources */,
				D7A8A69827B13A3F000F93CE /* SceneDelegate.swift in Sources */,
			);
			runOnlyForDeploymentPostprocessing = 0;
		};
/* End PBXSourcesBuildPhase section */

/* Begin PBXVariantGroup section */
		D7A8A69B27B13A3F000F93CE /* Main.storyboard */ = {
			isa = PBXVariantGroup;
			children = (
				D7A8A69C27B13A3F000F93CE /* Base */,
			);
			name = Main.storyboard;
			sourceTree = "<group>";
		};
		D7A8A6A027B13A40000F93CE /* LaunchScreen.storyboard */ = {
			isa = PBXVariantGroup;
			children = (
				D7A8A6A127B13A40000F93CE /* Base */,
			);
			name = LaunchScreen.storyboard;
			sourceTree = "<group>";
		};
/* End PBXVariantGroup section */

/* Begin XCBuildConfiguration section */
		D7A8A6A427B13A40000F93CE /* Debug */ = {
			isa = XCBuildConfiguration;
			buildSettings = {
				ALWAYS_SEARCH_USER_PATHS = NO;
				CLANG_ANALYZER_NONNULL = YES;
				CLANG_ANALYZER_NUMBER_OBJECT_CONVERSION = YES_AGGRESSIVE;
				CLANG_CXX_LANGUAGE_STANDARD = "gnu++17";
				CLANG_CXX_LIBRARY = "libc++";
				CLANG_ENABLE_MODULES = YES;
				CLANG_ENABLE_OBJC_ARC = YES;
				CLANG_ENABLE_OBJC_WEAK = YES;
				CLANG_WARN_BLOCK_CAPTURE_AUTORELEASING = YES;
				CLANG_WARN_BOOL_CONVERSION = YES;
				CLANG_WARN_COMMA = YES;
				CLANG_WARN_CONSTANT_CONVERSION = YES;
				CLANG_WARN_DEPRECATED_OBJC_IMPLEMENTATIONS = YES;
				CLANG_WARN_DIRECT_OBJC_ISA_USAGE = YES_ERROR;
				CLANG_WARN_DOCUMENTATION_COMMENTS = YES;
				CLANG_WARN_EMPTY_BODY = YES;
				CLANG_WARN_ENUM_CONVERSION = YES;
				CLANG_WARN_INFINITE_RECURSION = YES;
				CLANG_WARN_INT_CONVERSION = YES;
				CLANG_WARN_NON_LITERAL_NULL_CONVERSION = YES;
				CLANG_WARN_OBJC_IMPLICIT_RETAIN_SELF = YES;
				CLANG_WARN_OBJC_LITERAL_CONVERSION = YES;
				CLANG_WARN_OBJC_ROOT_CLASS = YES_ERROR;
				CLANG_WARN_QUOTED_INCLUDE_IN_FRAMEWORK_HEADER = YES;
				CLANG_WARN_RANGE_LOOP_ANALYSIS = YES;
				CLANG_WARN_STRICT_PROTOTYPES = YES;
				CLANG_WARN_SUSPICIOUS_MOVE = YES;
				CLANG_WARN_UNGUARDED_AVAILABILITY = YES_AGGRESSIVE;
				CLANG_WARN_UNREACHABLE_CODE = YES;
				CLANG_WARN__DUPLICATE_METHOD_MATCH = YES;
				COPY_PHASE_STRIP = NO;
				DEBUG_INFORMATION_FORMAT = dwarf;
				ENABLE_STRICT_OBJC_MSGSEND = YES;
				ENABLE_TESTABILITY = YES;
				GCC_C_LANGUAGE_STANDARD = gnu11;
				GCC_DYNAMIC_NO_PIC = NO;
				GCC_NO_COMMON_BLOCKS = YES;
				GCC_OPTIMIZATION_LEVEL = 0;
				GCC_PREPROCESSOR_DEFINITIONS = (
					"DEBUG=1",
					"$(inherited)",
				);
				GCC_WARN_64_TO_32_BIT_CONVERSION = YES;
				GCC_WARN_ABOUT_RETURN_TYPE = YES_ERROR;
				GCC_WARN_UNDECLARED_SELECTOR = YES;
				GCC_WARN_UNINITIALIZED_AUTOS = YES_AGGRESSIVE;
				GCC_WARN_UNUSED_FUNCTION = YES;
				GCC_WARN_UNUSED_VARIABLE = YES;
				IPHONEOS_DEPLOYMENT_TARGET = 15.0;
				MTL_ENABLE_DEBUG_INFO = INCLUDE_SOURCE;
				MTL_FAST_MATH = YES;
				ONLY_ACTIVE_ARCH = YES;
				SDKROOT = iphoneos;
				SWIFT_ACTIVE_COMPILATION_CONDITIONS = DEBUG;
				SWIFT_OPTIMIZATION_LEVEL = "-Onone";
			};
			name = Debug;
		};
		D7A8A6A527B13A40000F93CE /* Release */ = {
			isa = XCBuildConfiguration;
			buildSettings = {
				ALWAYS_SEARCH_USER_PATHS = NO;
				CLANG_ANALYZER_NONNULL = YES;
				CLANG_ANALYZER_NUMBER_OBJECT_CONVERSION = YES_AGGRESSIVE;
				CLANG_CXX_LANGUAGE_STANDARD = "gnu++17";
				CLANG_CXX_LIBRARY = "libc++";
				CLANG_ENABLE_MODULES = YES;
				CLANG_ENABLE_OBJC_ARC = YES;
				CLANG_ENABLE_OBJC_WEAK = YES;
				CLANG_WARN_BLOCK_CAPTURE_AUTORELEASING = YES;
				CLANG_WARN_BOOL_CONVERSION = YES;
				CLANG_WARN_COMMA = YES;
				CLANG_WARN_CONSTANT_CONVERSION = YES;
				CLANG_WARN_DEPRECATED_OBJC_IMPLEMENTATIONS = YES;
				CLANG_WARN_DIRECT_OBJC_ISA_USAGE = YES_ERROR;
				CLANG_WARN_DOCUMENTATION_COMMENTS = YES;
				CLANG_WARN_EMPTY_BODY = YES;
				CLANG_WARN_ENUM_CONVERSION = YES;
				CLANG_WARN_INFINITE_RECURSION = YES;
				CLANG_WARN_INT_CONVERSION = YES;
				CLANG_WARN_NON_LITERAL_NULL_CONVERSION = YES;
				CLANG_WARN_OBJC_IMPLICIT_RETAIN_SELF = YES;
				CLANG_WARN_OBJC_LITERAL_CONVERSION = YES;
				CLANG_WARN_OBJC_ROOT_CLASS = YES_ERROR;
				CLANG_WARN_QUOTED_INCLUDE_IN_FRAMEWORK_HEADER = YES;
				CLANG_WARN_RANGE_LOOP_ANALYSIS = YES;
				CLANG_WARN_STRICT_PROTOTYPES = YES;
				CLANG_WARN_SUSPICIOUS_MOVE = YES;
				CLANG_WARN_UNGUARDED_AVAILABILITY = YES_AGGRESSIVE;
				CLANG_WARN_UNREACHABLE_CODE = YES;
				CLANG_WARN__DUPLICATE_METHOD_MATCH = YES;
				COPY_PHASE_STRIP = NO;
				DEBUG_INFORMATION_FORMAT = "dwarf-with-dsym";
				ENABLE_NS_ASSERTIONS = NO;
				ENABLE_STRICT_OBJC_MSGSEND = YES;
				GCC_C_LANGUAGE_STANDARD = gnu11;
				GCC_NO_COMMON_BLOCKS = YES;
				GCC_WARN_64_TO_32_BIT_CONVERSION = YES;
				GCC_WARN_ABOUT_RETURN_TYPE = YES_ERROR;
				GCC_WARN_UNDECLARED_SELECTOR = YES;
				GCC_WARN_UNINITIALIZED_AUTOS = YES_AGGRESSIVE;
				GCC_WARN_UNUSED_FUNCTION = YES;
				GCC_WARN_UNUSED_VARIABLE = YES;
				IPHONEOS_DEPLOYMENT_TARGET = 15.0;
				MTL_ENABLE_DEBUG_INFO = NO;
				MTL_FAST_MATH = YES;
				SDKROOT = iphoneos;
				SWIFT_COMPILATION_MODE = wholemodule;
				SWIFT_OPTIMIZATION_LEVEL = "-O";
				VALIDATE_PRODUCT = YES;
			};
			name = Release;
		};
		D7A8A6A727B13A40000F93CE /* Debug */ = {
			isa = XCBuildConfiguration;
			baseConfigurationReference = 13405661974E29E016E93DB6 /* Pods-PushNotificationApp.debug.xcconfig */;
			buildSettings = {
				ASSETCATALOG_COMPILER_APPICON_NAME = AppIcon;
				ASSETCATALOG_COMPILER_GLOBAL_ACCENT_COLOR_NAME = AccentColor;
				CODE_SIGN_ENTITLEMENTS = PushNotificationApp/PushNotificationApp.entitlements;
				CODE_SIGN_STYLE = Automatic;
				CURRENT_PROJECT_VERSION = 1;
				DEVELOPMENT_TEAM = BMBM6CH9KR;
				GENERATE_INFOPLIST_FILE = YES;
				INFOPLIST_FILE = PushNotificationApp/Info.plist;
				INFOPLIST_KEY_UIApplicationSupportsIndirectInputEvents = YES;
				INFOPLIST_KEY_UILaunchStoryboardName = LaunchScreen;
				INFOPLIST_KEY_UISupportedInterfaceOrientations_iPad = "UIInterfaceOrientationPortrait UIInterfaceOrientationPortraitUpsideDown UIInterfaceOrientationLandscapeLeft UIInterfaceOrientationLandscapeRight";
				INFOPLIST_KEY_UISupportedInterfaceOrientations_iPhone = "UIInterfaceOrientationPortrait UIInterfaceOrientationLandscapeLeft UIInterfaceOrientationLandscapeRight";
				LD_RUNPATH_SEARCH_PATHS = (
					"$(inherited)",
					"@executable_path/Frameworks",
				);
				MARKETING_VERSION = 1.0;
				PRODUCT_BUNDLE_IDENTIFIER = kr.co.jangilkyu.PushNotificationApp;
				PRODUCT_NAME = "$(TARGET_NAME)";
				SWIFT_EMIT_LOC_STRINGS = YES;
				SWIFT_VERSION = 5.0;
				TARGETED_DEVICE_FAMILY = "1,2";
			};
			name = Debug;
		};
		D7A8A6A827B13A40000F93CE /* Release */ = {
			isa = XCBuildConfiguration;
			baseConfigurationReference = EF3C7531E6A242ABF9FB11BE /* Pods-PushNotificationApp.release.xcconfig */;
			buildSettings = {
				ASSETCATALOG_COMPILER_APPICON_NAME = AppIcon;
				ASSETCATALOG_COMPILER_GLOBAL_ACCENT_COLOR_NAME = AccentColor;
				CODE_SIGN_ENTITLEMENTS = PushNotificationApp/PushNotificationApp.entitlements;
				CODE_SIGN_STYLE = Automatic;
				CURRENT_PROJECT_VERSION = 1;
				DEVELOPMENT_TEAM = BMBM6CH9KR;
				GENERATE_INFOPLIST_FILE = YES;
				INFOPLIST_FILE = PushNotificationApp/Info.plist;
				INFOPLIST_KEY_UIApplicationSupportsIndirectInputEvents = YES;
				INFOPLIST_KEY_UILaunchStoryboardName = LaunchScreen;
				INFOPLIST_KEY_UISupportedInterfaceOrientations_iPad = "UIInterfaceOrientationPortrait UIInterfaceOrientationPortraitUpsideDown UIInterfaceOrientationLandscapeLeft UIInterfaceOrientationLandscapeRight";
				INFOPLIST_KEY_UISupportedInterfaceOrientations_iPhone = "UIInterfaceOrientationPortrait UIInterfaceOrientationLandscapeLeft UIInterfaceOrientationLandscapeRight";
				LD_RUNPATH_SEARCH_PATHS = (
					"$(inherited)",
					"@executable_path/Frameworks",
				);
				MARKETING_VERSION = 1.0;
				PRODUCT_BUNDLE_IDENTIFIER = kr.co.jangilkyu.PushNotificationApp;
				PRODUCT_NAME = "$(TARGET_NAME)";
				SWIFT_EMIT_LOC_STRINGS = YES;
				SWIFT_VERSION = 5.0;
				TARGETED_DEVICE_FAMILY = "1,2";
			};
			name = Release;
		};
/* End XCBuildConfiguration section */

/* Begin XCConfigurationList section */
		D7A8A68D27B13A3F000F93CE /* Build configuration list for PBXProject "PushNotificationApp" */ = {
			isa = XCConfigurationList;
			buildConfigurations = (
				D7A8A6A427B13A40000F93CE /* Debug */,
				D7A8A6A527B13A40000F93CE /* Release */,
			);
			defaultConfigurationIsVisible = 0;
			defaultConfigurationName = Release;
		};
		D7A8A6A627B13A40000F93CE /* Build configuration list for PBXNativeTarget "PushNotificationApp" */ = {
			isa = XCConfigurationList;
			buildConfigurations = (
				D7A8A6A727B13A40000F93CE /* Debug */,
				D7A8A6A827B13A40000F93CE /* Release */,
			);
			defaultConfigurationIsVisible = 0;
			defaultConfigurationName = Release;
		};
/* End XCConfigurationList section */
	};
	rootObject = D7A8A68A27B13A3F000F93CE /* Project object */;
}
